
Microsoft Visual Studio Solution File, Format Version 12.00
# Visual Studio Version 17
VisualStudioVersion = 17.2.32616.157
MinimumVisualStudioVersion = 10.0.40219.1
Project("{FAE04EC0-301F-11D3-BF4B-00C04F79EFBC}") = "YoAyudoPR.Web", "YoAyudoPR.Web\YoAyudoPR.Web.csproj", "{4BEC4522-78D8-4271-AF63-6927A78BE630}"
EndProject
Global
	GlobalSection(SolutionConfigurationPlatforms) = preSolution
		Debug|Any CPU = Debug|Any CPU
		Release|Any CPU = Release|Any CPU
	EndGlobalSection
	GlobalSection(ProjectConfigurationPlatforms) = postSolution
		{4BEC4522-78D8-4271-AF63-6927A78BE630}.Debug|Any CPU.ActiveCfg = Debug|Any CPU
		{4BEC4522-78D8-4271-AF63-6927A78BE630}.Debug|Any CPU.Build.0 = Debug|Any CPU
		{4BEC4522-78D8-4271-AF63-6927A78BE630}.Release|Any CPU.ActiveCfg = Release|Any CPU
		{4BEC4522-78D8-4271-AF63-6927A78BE630}.Release|Any CPU.Build.0 = Release|Any CPU
	EndGlobalSection
	GlobalSection(SolutionProperties) = preSolution
		HideSolutionNode = FALSE
	EndGlobalSection
	GlobalSection(ExtensibilityGlobals) = postSolution
		SolutionGuid = {F58E692F-D12F-4435-9898-8A841E99B49B}
	EndGlobalSection
EndGlobal
